// !$*UTF8*$!
{
	archiveVersion = 1;
	classes = {
	};
	objectVersion = 56;
	objects = {

/* Begin PBXBuildFile section */
		E9F6795C28F4496D00783312 /* AppDelegate.swift in Sources */ = {isa = PBXBuildFile; fileRef = E9F6795B28F4496D00783312 /* AppDelegate.swift */; };
		E9F6795E28F4496D00783312 /* SceneDelegate.swift in Sources */ = {isa = PBXBuildFile; fileRef = E9F6795D28F4496D00783312 /* SceneDelegate.swift */; };
		E9F6796028F4496D00783312 /* ViewController.swift in Sources */ = {isa = PBXBuildFile; fileRef = E9F6795F28F4496D00783312 /* ViewController.swift */; };
		E9F6796328F4496D00783312 /* Main.storyboard in Resources */ = {isa = PBXBuildFile; fileRef = E9F6796128F4496D00783312 /* Main.storyboard */; };
		E9F6796528F4496E00783312 /* Assets.xcassets in Resources */ = {isa = PBXBuildFile; fileRef = E9F6796428F4496E00783312 /* Assets.xcassets */; };
		E9F6796828F4496E00783312 /* LaunchScreen.storyboard in Resources */ = {isa = PBXBuildFile; fileRef = E9F6796628F4496E00783312 /* LaunchScreen.storyboard */; };
		E9F6797228F44BCE00783312 /* AVFoundation.framework in Frameworks */ = {isa = PBXBuildFile; fileRef = E9F6797128F44BCE00783312 /* AVFoundation.framework */; };
		E9F6797428F44BD500783312 /* SoundAnalysis.framework in Frameworks */ = {isa = PBXBuildFile; fileRef = E9F6797328F44BD500783312 /* SoundAnalysis.framework */; };
		E9F6797628F44BFE00783312 /* CoreBluetooth.framework in Frameworks */ = {isa = PBXBuildFile; fileRef = E9F6797528F44BFD00783312 /* CoreBluetooth.framework */; };
		E9F6797828F450EE00783312 /* AutoDoorOpenManager.swift in Sources */ = {isa = PBXBuildFile; fileRef = E9F6797728F450EE00783312 /* AutoDoorOpenManager.swift */; };
		E9F6797D28F4C8A300783312 /* SystemAudioClassifier.swift in Sources */ = {isa = PBXBuildFile; fileRef = E9F6797A28F4C8A300783312 /* SystemAudioClassifier.swift */; };
		E9F6797E28F4C8A300783312 /* SoundIdentifier.swift in Sources */ = {isa = PBXBuildFile; fileRef = E9F6797B28F4C8A300783312 /* SoundIdentifier.swift */; };
		E9F6797F28F4C8A300783312 /* ClassificationResultsSubject.swift in Sources */ = {isa = PBXBuildFile; fileRef = E9F6797C28F4C8A300783312 /* ClassificationResultsSubject.swift */; };
		FD98F8321772A2BEA25FEF21 /* Pods_AutoDoorOpener.framework in Frameworks */ = {isa = PBXBuildFile; fileRef = 9DB7A2B79A019AB53FDD39EB /* Pods_AutoDoorOpener.framework */; };
/* End PBXBuildFile section */

/* Begin PBXFileReference section */
		159ED4306AEBEA9653A0401C /* Pods-AutoDoorOpener.release.xcconfig */ = {isa = PBXFileReference; includeInIndex = 1; lastKnownFileType = text.xcconfig; name = "Pods-AutoDoorOpener.release.xcconfig"; path = "Target Support Files/Pods-AutoDoorOpener/Pods-AutoDoorOpener.release.xcconfig"; sourceTree = "<group>"; };
		689418EDD3CCA12E9E896DF6 /* Pods-AutoDoorOpener.debug.xcconfig */ = {isa = PBXFileReference; includeInIndex = 1; lastKnownFileType = text.xcconfig; name = "Pods-AutoDoorOpener.debug.xcconfig"; path = "Target Support Files/Pods-AutoDoorOpener/Pods-AutoDoorOpener.debug.xcconfig"; sourceTree = "<group>"; };
		9DB7A2B79A019AB53FDD39EB /* Pods_AutoDoorOpener.framework */ = {isa = PBXFileReference; explicitFileType = wrapper.framework; includeInIndex = 0; path = Pods_AutoDoorOpener.framework; sourceTree = BUILT_PRODUCTS_DIR; };
		E9F6795828F4496D00783312 /* AutoDoorOpener.app */ = {isa = PBXFileReference; explicitFileType = wrapper.application; includeInIndex = 0; path = AutoDoorOpener.app; sourceTree = BUILT_PRODUCTS_DIR; };
		E9F6795B28F4496D00783312 /* AppDelegate.swift */ = {isa = PBXFileReference; lastKnownFileType = sourcecode.swift; path = AppDelegate.swift; sourceTree = "<group>"; };
		E9F6795D28F4496D00783312 /* SceneDelegate.swift */ = {isa = PBXFileReference; lastKnownFileType = sourcecode.swift; path = SceneDelegate.swift; sourceTree = "<group>"; };
		E9F6795F28F4496D00783312 /* ViewController.swift */ = {isa = PBXFileReference; lastKnownFileType = sourcecode.swift; path = ViewController.swift; sourceTree = "<group>"; };
		E9F6796228F4496D00783312 /* Base */ = {isa = PBXFileReference; lastKnownFileType = file.storyboard; name = Base; path = Base.lproj/Main.storyboard; sourceTree = "<group>"; };
		E9F6796428F4496E00783312 /* Assets.xcassets */ = {isa = PBXFileReference; lastKnownFileType = folder.assetcatalog; path = Assets.xcassets; sourceTree = "<group>"; };
		E9F6796728F4496E00783312 /* Base */ = {isa = PBXFileReference; lastKnownFileType = file.storyboard; name = Base; path = Base.lproj/LaunchScreen.storyboard; sourceTree = "<group>"; };
		E9F6796928F4496E00783312 /* Info.plist */ = {isa = PBXFileReference; lastKnownFileType = text.plist.xml; path = Info.plist; sourceTree = "<group>"; };
		E9F6797128F44BCE00783312 /* AVFoundation.framework */ = {isa = PBXFileReference; lastKnownFileType = wrapper.framework; name = AVFoundation.framework; path = System/Library/Frameworks/AVFoundation.framework; sourceTree = SDKROOT; };
		E9F6797328F44BD500783312 /* SoundAnalysis.framework */ = {isa = PBXFileReference; lastKnownFileType = wrapper.framework; name = SoundAnalysis.framework; path = System/Library/Frameworks/SoundAnalysis.framework; sourceTree = SDKROOT; };
		E9F6797528F44BFD00783312 /* CoreBluetooth.framework */ = {isa = PBXFileReference; lastKnownFileType = wrapper.framework; name = CoreBluetooth.framework; path = System/Library/Frameworks/CoreBluetooth.framework; sourceTree = SDKROOT; };
		E9F6797728F450EE00783312 /* AutoDoorOpenManager.swift */ = {isa = PBXFileReference; lastKnownFileType = sourcecode.swift; path = AutoDoorOpenManager.swift; sourceTree = "<group>"; };
		E9F6797A28F4C8A300783312 /* SystemAudioClassifier.swift */ = {isa = PBXFileReference; fileEncoding = 4; lastKnownFileType = sourcecode.swift; path = SystemAudioClassifier.swift; sourceTree = "<group>"; };
		E9F6797B28F4C8A300783312 /* SoundIdentifier.swift */ = {isa = PBXFileReference; fileEncoding = 4; lastKnownFileType = sourcecode.swift; path = SoundIdentifier.swift; sourceTree = "<group>"; };
		E9F6797C28F4C8A300783312 /* ClassificationResultsSubject.swift */ = {isa = PBXFileReference; fileEncoding = 4; lastKnownFileType = sourcecode.swift; path = ClassificationResultsSubject.swift; sourceTree = "<group>"; };
/* End PBXFileReference section */

/* Begin PBXFrameworksBuildPhase section */
		E9F6795528F4496D00783312 /* Frameworks */ = {
			isa = PBXFrameworksBuildPhase;
			buildActionMask = 2147483647;
			files = (
				E9F6797628F44BFE00783312 /* CoreBluetooth.framework in Frameworks */,
				E9F6797428F44BD500783312 /* SoundAnalysis.framework in Frameworks */,
				E9F6797228F44BCE00783312 /* AVFoundation.framework in Frameworks */,
				FD98F8321772A2BEA25FEF21 /* Pods_AutoDoorOpener.framework in Frameworks */,
			);
			runOnlyForDeploymentPostprocessing = 0;
		};
/* End PBXFrameworksBuildPhase section */

/* Begin PBXGroup section */
		2F9428EC355A7C0460266725 /* Frameworks */ = {
			isa = PBXGroup;
			children = (
				E9F6797528F44BFD00783312 /* CoreBluetooth.framework */,
				E9F6797328F44BD500783312 /* SoundAnalysis.framework */,
				E9F6797128F44BCE00783312 /* AVFoundation.framework */,
				9DB7A2B79A019AB53FDD39EB /* Pods_AutoDoorOpener.framework */,
			);
			name = Frameworks;
			sourceTree = "<group>";
		};
		3B78E81B6D8BF9993F8256E6 /* Pods */ = {
			isa = PBXGroup;
			children = (
				689418EDD3CCA12E9E896DF6 /* Pods-AutoDoorOpener.debug.xcconfig */,
				159ED4306AEBEA9653A0401C /* Pods-AutoDoorOpener.release.xcconfig */,
			);
			path = Pods;
			sourceTree = "<group>";
		};
		E9F6794F28F4496D00783312 = {
			isa = PBXGroup;
			children = (
				E9F6795A28F4496D00783312 /* AutoDoorOpener */,
				E9F6795928F4496D00783312 /* Products */,
				3B78E81B6D8BF9993F8256E6 /* Pods */,
				2F9428EC355A7C0460266725 /* Frameworks */,
			);
			sourceTree = "<group>";
		};
		E9F6795928F4496D00783312 /* Products */ = {
			isa = PBXGroup;
			children = (
				E9F6795828F4496D00783312 /* AutoDoorOpener.app */,
			);
			name = Products;
			sourceTree = "<group>";
		};
		E9F6795A28F4496D00783312 /* AutoDoorOpener */ = {
			isa = PBXGroup;
			children = (
				E9F6797928F4C8A300783312 /* SoundClassifier */,
				E9F6795B28F4496D00783312 /* AppDelegate.swift */,
				E9F6795D28F4496D00783312 /* SceneDelegate.swift */,
				E9F6795F28F4496D00783312 /* ViewController.swift */,
				E9F6796128F4496D00783312 /* Main.storyboard */,
				E9F6796428F4496E00783312 /* Assets.xcassets */,
				E9F6796628F4496E00783312 /* LaunchScreen.storyboard */,
				E9F6796928F4496E00783312 /* Info.plist */,
			);
			path = AutoDoorOpener;
			sourceTree = "<group>";
		};
		E9F6797928F4C8A300783312 /* SoundClassifier */ = {
			isa = PBXGroup;
			children = (
				E9F6797728F450EE00783312 /* AutoDoorOpenManager.swift */,
				E9F6797A28F4C8A300783312 /* SystemAudioClassifier.swift */,
				E9F6797B28F4C8A300783312 /* SoundIdentifier.swift */,
				E9F6797C28F4C8A300783312 /* ClassificationResultsSubject.swift */,
			);
			path = SoundClassifier;
			sourceTree = "<group>";
		};
/* End PBXGroup section */

/* Begin PBXNativeTarget section */
		E9F6795728F4496D00783312 /* AutoDoorOpener */ = {
			isa = PBXNativeTarget;
			buildConfigurationList = E9F6796C28F4496E00783312 /* Build configuration list for PBXNativeTarget "AutoDoorOpener" */;
			buildPhases = (
				8B3023059AA2CE8EDA13D8E2 /* [CP] Check Pods Manifest.lock */,
				E9F6795428F4496D00783312 /* Sources */,
				E9F6795528F4496D00783312 /* Frameworks */,
				E9F6795628F4496D00783312 /* Resources */,
				8B5BC677E2DCFF4C0C506DCC /* [CP] Embed Pods Frameworks */,
			);
			buildRules = (
			);
			dependencies = (
			);
			name = AutoDoorOpener;
			productName = AutoDoorOpener;
			productReference = E9F6795828F4496D00783312 /* AutoDoorOpener.app */;
			productType = "com.apple.product-type.application";
		};
/* End PBXNativeTarget section */

/* Begin PBXProject section */
		E9F6795028F4496D00783312 /* Project object */ = {
			isa = PBXProject;
			attributes = {
				BuildIndependentTargetsInParallel = 1;
				LastSwiftUpdateCheck = 1400;
				LastUpgradeCheck = 1400;
				TargetAttributes = {
					E9F6795728F4496D00783312 = {
						CreatedOnToolsVersion = 14.0.1;
					};
				};
			};
			buildConfigurationList = E9F6795328F4496D00783312 /* Build configuration list for PBXProject "AutoDoorOpener" */;
			compatibilityVersion = "Xcode 14.0";
			developmentRegion = en;
			hasScannedForEncodings = 0;
			knownRegions = (
				en,
				Base,
			);
			mainGroup = E9F6794F28F4496D00783312;
			productRefGroup = E9F6795928F4496D00783312 /* Products */;
			projectDirPath = "";
			projectRoot = "";
			targets = (
				E9F6795728F4496D00783312 /* AutoDoorOpener */,
			);
		};
/* End PBXProject section */

/* Begin PBXResourcesBuildPhase section */
		E9F6795628F4496D00783312 /* Resources */ = {
			isa = PBXResourcesBuildPhase;
			buildActionMask = 2147483647;
			files = (
				E9F6796828F4496E00783312 /* LaunchScreen.storyboard in Resources */,
				E9F6796528F4496E00783312 /* Assets.xcassets in Resources */,
				E9F6796328F4496D00783312 /* Main.storyboard in Resources */,
			);
			runOnlyForDeploymentPostprocessing = 0;
		};
/* End PBXResourcesBuildPhase section */

/* Begin PBXShellScriptBuildPhase section */
		8B3023059AA2CE8EDA13D8E2 /* [CP] Check Pods Manifest.lock */ = {
			isa = PBXShellScriptBuildPhase;
			buildActionMask = 2147483647;
			files = (
			);
			inputFileListPaths = (
			);
			inputPaths = (
				"${PODS_PODFILE_DIR_PATH}/Podfile.lock",
				"${PODS_ROOT}/Manifest.lock",
			);
			name = "[CP] Check Pods Manifest.lock";
			outputFileListPaths = (
			);
			outputPaths = (
				"$(DERIVED_FILE_DIR)/Pods-AutoDoorOpener-checkManifestLockResult.txt",
			);
			runOnlyForDeploymentPostprocessing = 0;
			shellPath = /bin/sh;
			shellScript = "diff \"${PODS_PODFILE_DIR_PATH}/Podfile.lock\" \"${PODS_ROOT}/Manifest.lock\" > /dev/null\nif [ $? != 0 ] ; then\n    # print error to STDERR\n    echo \"error: The sandbox is not in sync with the Podfile.lock. Run 'pod install' or update your CocoaPods installation.\" >&2\n    exit 1\nfi\n# This output is used by Xcode 'outputs' to avoid re-running this script phase.\necho \"SUCCESS\" > \"${SCRIPT_OUTPUT_FILE_0}\"\n";
			showEnvVarsInLog = 0;
		};
		8B5BC677E2DCFF4C0C506DCC /* [CP] Embed Pods Frameworks */ = {
			isa = PBXShellScriptBuildPhase;
			buildActionMask = 2147483647;
			files = (
			);
			inputFileListPaths = (
				"${PODS_ROOT}/Target Support Files/Pods-AutoDoorOpener/Pods-AutoDoorOpener-frameworks-${CONFIGURATION}-input-files.xcfilelist",
			);
			name = "[CP] Embed Pods Frameworks";
			outputFileListPaths = (
				"${PODS_ROOT}/Target Support Files/Pods-AutoDoorOpener/Pods-AutoDoorOpener-frameworks-${CONFIGURATION}-output-files.xcfilelist",
			);
			runOnlyForDeploymentPostprocessing = 0;
			shellPath = /bin/sh;
			shellScript = "\"${PODS_ROOT}/Target Support Files/Pods-AutoDoorOpener/Pods-AutoDoorOpener-frameworks.sh\"\n";
			showEnvVarsInLog = 0;
		};
/* End PBXShellScriptBuildPhase section */

/* Begin PBXSourcesBuildPhase section */
		E9F6795428F4496D00783312 /* Sources */ = {
			isa = PBXSourcesBuildPhase;
			buildActionMask = 2147483647;
			files = (
				E9F6797E28F4C8A300783312 /* SoundIdentifier.swift in Sources */,
				E9F6797F28F4C8A300783312 /* ClassificationResultsSubject.swift in Sources */,
				E9F6796028F4496D00783312 /* ViewController.swift in Sources */,
				E9F6795C28F4496D00783312 /* AppDelegate.swift in Sources */,
				E9F6797828F450EE00783312 /* AutoDoorOpenManager.swift in Sources */,
				E9F6797D28F4C8A300783312 /* SystemAudioClassifier.swift in Sources */,
				E9F6795E28F4496D00783312 /* SceneDelegate.swift in Sources */,
			);
			runOnlyForDeploymentPostprocessing = 0;
		};
/* End PBXSourcesBuildPhase section */

/* Begin PBXVariantGroup section */
		E9F6796128F4496D00783312 /* Main.storyboard */ = {
			isa = PBXVariantGroup;
			children = (
				E9F6796228F4496D00783312 /* Base */,
			);
			name = Main.storyboard;
			sourceTree = "<group>";
		};
		E9F6796628F4496E00783312 /* LaunchScreen.storyboard */ = {
			isa = PBXVariantGroup;
			children = (
				E9F6796728F4496E00783312 /* Base */,
			);
			name = LaunchScreen.storyboard;
			sourceTree = "<group>";
		};
/* End PBXVariantGroup section */

/* Begin XCBuildConfiguration section */
		E9F6796A28F4496E00783312 /* Debug */ = {
			isa = XCBuildConfiguration;
			buildSettings = {
				ALWAYS_SEARCH_USER_PATHS = NO;
				CLANG_ANALYZER_NONNULL = YES;
				CLANG_ANALYZER_NUMBER_OBJECT_CONVERSION = YES_AGGRESSIVE;
				CLANG_CXX_LANGUAGE_STANDARD = "gnu++20";
				CLANG_ENABLE_MODULES = YES;
				CLANG_ENABLE_OBJC_ARC = YES;
				CLANG_ENABLE_OBJC_WEAK = YES;
				CLANG_WARN_BLOCK_CAPTURE_AUTORELEASING = YES;
				CLANG_WARN_BOOL_CONVERSION = YES;
				CLANG_WARN_COMMA = YES;
				CLANG_WARN_CONSTANT_CONVERSION = YES;
				CLANG_WARN_DEPRECATED_OBJC_IMPLEMENTATIONS = YES;
				CLANG_WARN_DIRECT_OBJC_ISA_USAGE = YES_ERROR;
				CLANG_WARN_DOCUMENTATION_COMMENTS = YES;
				CLANG_WARN_EMPTY_BODY = YES;
				CLANG_WARN_ENUM_CONVERSION = YES;
				CLANG_WARN_INFINITE_RECURSION = YES;
				CLANG_WARN_INT_CONVERSION = YES;
				CLANG_WARN_NON_LITERAL_NULL_CONVERSION = YES;
				CLANG_WARN_OBJC_IMPLICIT_RETAIN_SELF = YES;
				CLANG_WARN_OBJC_LITERAL_CONVERSION = YES;
				CLANG_WARN_OBJC_ROOT_CLASS = YES_ERROR;
				CLANG_WARN_QUOTED_INCLUDE_IN_FRAMEWORK_HEADER = YES;
				CLANG_WARN_RANGE_LOOP_ANALYSIS = YES;
				CLANG_WARN_STRICT_PROTOTYPES = YES;
				CLANG_WARN_SUSPICIOUS_MOVE = YES;
				CLANG_WARN_UNGUARDED_AVAILABILITY = YES_AGGRESSIVE;
				CLANG_WARN_UNREACHABLE_CODE = YES;
				CLANG_WARN__DUPLICATE_METHOD_MATCH = YES;
				COPY_PHASE_STRIP = NO;
				DEBUG_INFORMATION_FORMAT = dwarf;
				ENABLE_STRICT_OBJC_MSGSEND = YES;
				ENABLE_TESTABILITY = YES;
				GCC_C_LANGUAGE_STANDARD = gnu11;
				GCC_DYNAMIC_NO_PIC = NO;
				GCC_NO_COMMON_BLOCKS = YES;
				GCC_OPTIMIZATION_LEVEL = 0;
				GCC_PREPROCESSOR_DEFINITIONS = (
					"DEBUG=1",
					"$(inherited)",
				);
				GCC_WARN_64_TO_32_BIT_CONVERSION = YES;
				GCC_WARN_ABOUT_RETURN_TYPE = YES_ERROR;
				GCC_WARN_UNDECLARED_SELECTOR = YES;
				GCC_WARN_UNINITIALIZED_AUTOS = YES_AGGRESSIVE;
				GCC_WARN_UNUSED_FUNCTION = YES;
				GCC_WARN_UNUSED_VARIABLE = YES;
				IPHONEOS_DEPLOYMENT_TARGET = 16.0;
				MTL_ENABLE_DEBUG_INFO = INCLUDE_SOURCE;
				MTL_FAST_MATH = YES;
				ONLY_ACTIVE_ARCH = YES;
				SDKROOT = iphoneos;
				SWIFT_ACTIVE_COMPILATION_CONDITIONS = DEBUG;
				SWIFT_OPTIMIZATION_LEVEL = "-Onone";
			};
			name = Debug;
		};
		E9F6796B28F4496E00783312 /* Release */ = {
			isa = XCBuildConfiguration;
			buildSettings = {
				ALWAYS_SEARCH_USER_PATHS = NO;
				CLANG_ANALYZER_NONNULL = YES;
				CLANG_ANALYZER_NUMBER_OBJECT_CONVERSION = YES_AGGRESSIVE;
				CLANG_CXX_LANGUAGE_STANDARD = "gnu++20";
				CLANG_ENABLE_MODULES = YES;
				CLANG_ENABLE_OBJC_ARC = YES;
				CLANG_ENABLE_OBJC_WEAK = YES;
				CLANG_WARN_BLOCK_CAPTURE_AUTORELEASING = YES;
				CLANG_WARN_BOOL_CONVERSION = YES;
				CLANG_WARN_COMMA = YES;
				CLANG_WARN_CONSTANT_CONVERSION = YES;
				CLANG_WARN_DEPRECATED_OBJC_IMPLEMENTATIONS = YES;
				CLANG_WARN_DIRECT_OBJC_ISA_USAGE = YES_ERROR;
				CLANG_WARN_DOCUMENTATION_COMMENTS = YES;
				CLANG_WARN_EMPTY_BODY = YES;
				CLANG_WARN_ENUM_CONVERSION = YES;
				CLANG_WARN_INFINITE_RECURSION = YES;
				CLANG_WARN_INT_CONVERSION = YES;
				CLANG_WARN_NON_LITERAL_NULL_CONVERSION = YES;
				CLANG_WARN_OBJC_IMPLICIT_RETAIN_SELF = YES;
				CLANG_WARN_OBJC_LITERAL_CONVERSION = YES;
				CLANG_WARN_OBJC_ROOT_CLASS = YES_ERROR;
				CLANG_WARN_QUOTED_INCLUDE_IN_FRAMEWORK_HEADER = YES;
				CLANG_WARN_RANGE_LOOP_ANALYSIS = YES;
				CLANG_WARN_STRICT_PROTOTYPES = YES;
				CLANG_WARN_SUSPICIOUS_MOVE = YES;
				CLANG_WARN_UNGUARDED_AVAILABILITY = YES_AGGRESSIVE;
				CLANG_WARN_UNREACHABLE_CODE = YES;
				CLANG_WARN__DUPLICATE_METHOD_MATCH = YES;
				COPY_PHASE_STRIP = NO;
				DEBUG_INFORMATION_FORMAT = "dwarf-with-dsym";
				ENABLE_NS_ASSERTIONS = NO;
				ENABLE_STRICT_OBJC_MSGSEND = YES;
				GCC_C_LANGUAGE_STANDARD = gnu11;
				GCC_NO_COMMON_BLOCKS = YES;
				GCC_WARN_64_TO_32_BIT_CONVERSION = YES;
				GCC_WARN_ABOUT_RETURN_TYPE = YES_ERROR;
				GCC_WARN_UNDECLARED_SELECTOR = YES;
				GCC_WARN_UNINITIALIZED_AUTOS = YES_AGGRESSIVE;
				GCC_WARN_UNUSED_FUNCTION = YES;
				GCC_WARN_UNUSED_VARIABLE = YES;
				IPHONEOS_DEPLOYMENT_TARGET = 16.0;
				MTL_ENABLE_DEBUG_INFO = NO;
				MTL_FAST_MATH = YES;
				SDKROOT = iphoneos;
				SWIFT_COMPILATION_MODE = wholemodule;
				SWIFT_OPTIMIZATION_LEVEL = "-O";
				VALIDATE_PRODUCT = YES;
			};
			name = Release;
		};
		E9F6796D28F4496E00783312 /* Debug */ = {
			isa = XCBuildConfiguration;
			baseConfigurationReference = 689418EDD3CCA12E9E896DF6 /* Pods-AutoDoorOpener.debug.xcconfig */;
			buildSettings = {
				ASSETCATALOG_COMPILER_APPICON_NAME = AppIcon;
				ASSETCATALOG_COMPILER_GLOBAL_ACCENT_COLOR_NAME = AccentColor;
				CODE_SIGN_STYLE = Automatic;
				CURRENT_PROJECT_VERSION = 1;
				DEVELOPMENT_TEAM = 8DM7J729SL;
				GENERATE_INFOPLIST_FILE = YES;
				INFOPLIST_FILE = AutoDoorOpener/Info.plist;
				INFOPLIST_KEY_NSBluetoothAlwaysUsageDescription = "Open door!";
				INFOPLIST_KEY_NSBluetoothPeripheralUsageDescription = xxxx;
				INFOPLIST_KEY_NSMicrophoneUsageDescription = "This application would like access to the microphone to detect and display sounds occurring in the environment.";
				INFOPLIST_KEY_UIApplicationSupportsIndirectInputEvents = YES;
				INFOPLIST_KEY_UILaunchStoryboardName = LaunchScreen;
				INFOPLIST_KEY_UIMainStoryboardFile = Main;
				INFOPLIST_KEY_UISupportedInterfaceOrientations_iPad = "UIInterfaceOrientationPortrait UIInterfaceOrientationPortraitUpsideDown UIInterfaceOrientationLandscapeLeft UIInterfaceOrientationLandscapeRight";
				INFOPLIST_KEY_UISupportedInterfaceOrientations_iPhone = "UIInterfaceOrientationPortrait UIInterfaceOrientationLandscapeLeft UIInterfaceOrientationLandscapeRight";
				IPHONEOS_DEPLOYMENT_TARGET = 15.0;
				LD_RUNPATH_SEARCH_PATHS = (
					"$(inherited)",
					"@executable_path/Frameworks",
				);
				MARKETING_VERSION = 1.0;
				PRODUCT_BUNDLE_IDENTIFIER = de.AutoDoorOpener;
				PRODUCT_NAME = "$(TARGET_NAME)";
				SWIFT_EMIT_LOC_STRINGS = YES;
				SWIFT_VERSION = 5.0;
				TARGETED_DEVICE_FAMILY = "1,2";
			};
			name = Debug;
		};
		E9F6796E28F4496E00783312 /* Release */ = {
			isa = XCBuildConfiguration;
			baseConfigurationReference = 159ED4306AEBEA9653A0401C /* Pods-AutoDoorOpener.release.xcconfig */;
			buildSettings = {
				ASSETCATALOG_COMPILER_APPICON_NAME = AppIcon;
				ASSETCATALOG_COMPILER_GLOBAL_ACCENT_COLOR_NAME = AccentColor;
				CODE_SIGN_STYLE = Automatic;
				CURRENT_PROJECT_VERSION = 1;
				DEVELOPMENT_TEAM = 8DM7J729SL;
				GENERATE_INFOPLIST_FILE = YES;
				INFOPLIST_FILE = AutoDoorOpener/Info.plist;
				INFOPLIST_KEY_NSBluetoothAlwaysUsageDescription = "Open door!";
				INFOPLIST_KEY_NSBluetoothPeripheralUsageDescription = xxxx;
				INFOPLIST_KEY_NSMicrophoneUsageDescription = "This application would like access to the microphone to detect and display sounds occurring in the environment.";
				INFOPLIST_KEY_UIApplicationSupportsIndirectInputEvents = YES;
				INFOPLIST_KEY_UILaunchStoryboardName = LaunchScreen;
				INFOPLIST_KEY_UIMainStoryboardFile = Main;
				INFOPLIST_KEY_UISupportedInterfaceOrientations_iPad = "UIInterfaceOrientationPortrait UIInterfaceOrientationPortraitUpsideDown UIInterfaceOrientationLandscapeLeft UIInterfaceOrientationLandscapeRight";
				INFOPLIST_KEY_UISupportedInterfaceOrientations_iPhone = "UIInterfaceOrientationPortrait UIInterfaceOrientationLandscapeLeft UIInterfaceOrientationLandscapeRight";
				IPHONEOS_DEPLOYMENT_TARGET = 15.0;
				LD_RUNPATH_SEARCH_PATHS = (
					"$(inherited)",
					"@executable_path/Frameworks",
				);
				MARKETING_VERSION = 1.0;
				PRODUCT_BUNDLE_IDENTIFIER = de.AutoDoorOpener;
				PRODUCT_NAME = "$(TARGET_NAME)";
				SWIFT_EMIT_LOC_STRINGS = YES;
				SWIFT_VERSION = 5.0;
				TARGETED_DEVICE_FAMILY = "1,2";
			};
			name = Release;
		};
/* End XCBuildConfiguration section */

/* Begin XCConfigurationList section */
		E9F6795328F4496D00783312 /* Build configuration list for PBXProject "AutoDoorOpener" */ = {
			isa = XCConfigurationList;
			buildConfigurations = (
				E9F6796A28F4496E00783312 /* Debug */,
				E9F6796B28F4496E00783312 /* Release */,
			);
			defaultConfigurationIsVisible = 0;
			defaultConfigurationName = Release;
		};
		E9F6796C28F4496E00783312 /* Build configuration list for PBXNativeTarget "AutoDoorOpener" */ = {
			isa = XCConfigurationList;
			buildConfigurations = (
				E9F6796D28F4496E00783312 /* Debug */,
				E9F6796E28F4496E00783312 /* Release */,
			);
			defaultConfigurationIsVisible = 0;
			defaultConfigurationName = Release;
		};
/* End XCConfigurationList section */
	};
	rootObject = E9F6795028F4496D00783312 /* Project object */;
}
